
Microsoft Visual Studio Solution File, Format Version 12.00
# Visual Studio Version 17
VisualStudioVersion = 17.2.32505.173
MinimumVisualStudioVersion = 10.0.40219.1
Project("{9A19103F-16F7-4668-BE54-9A1E7A4F7556}") = "DistributedCacheGrains", "DistributedCacheGrains\DistributedCacheGrains.csproj", "{A9A7F087-CC83-4435-82B3-5E1FBDEB11D9}"
EndProject
Project("{9A19103F-16F7-4668-BE54-9A1E7A4F7556}") = "Silo", "Silo\Silo.csproj", "{AA2354BB-EC64-4870-B0F4-548F610CAB78}"
EndProject
Project("{9A19103F-16F7-4668-BE54-9A1E7A4F7556}") = "SessionStateWebApp", "SessionStateWebApp\SessionStateWebApp.csproj", "{509341A4-1E92-4735-ADF6-EAA4A2415EC3}"
EndProject
Project("{FAE04EC0-301F-11D3-BF4B-00C04F79EFBC}") = "DistributedCounterGrains", "DistributedCounter\DistributedCounterGrains.csproj", "{7367FFE3-3538-47FE-92DA-09E5D326A090}"
EndProject
Project("{FAE04EC0-301F-11D3-BF4B-00C04F79EFBC}") = "DistributedCounterWebApi", "DistributedCounterWebApi\DistributedCounterWebApi.csproj", "{B102812F-FB97-4329-AA3F-27B264EBBF79}"
EndProject
Global
	GlobalSection(SolutionConfigurationPlatforms) = preSolution
		Debug|Any CPU = Debug|Any CPU
		Release|Any CPU = Release|Any CPU
	EndGlobalSection
	GlobalSection(ProjectConfigurationPlatforms) = postSolution
		{A9A7F087-CC83-4435-82B3-5E1FBDEB11D9}.Debug|Any CPU.ActiveCfg = Debug|Any CPU
		{A9A7F087-CC83-4435-82B3-5E1FBDEB11D9}.Debug|Any CPU.Build.0 = Debug|Any CPU
		{A9A7F087-CC83-4435-82B3-5E1FBDEB11D9}.Release|Any CPU.ActiveCfg = Release|Any CPU
		{A9A7F087-CC83-4435-82B3-5E1FBDEB11D9}.Release|Any CPU.Build.0 = Release|Any CPU
		{AA2354BB-EC64-4870-B0F4-548F610CAB78}.Debug|Any CPU.ActiveCfg = Debug|Any CPU
		{AA2354BB-EC64-4870-B0F4-548F610CAB78}.Debug|Any CPU.Build.0 = Debug|Any CPU
		{AA2354BB-EC64-4870-B0F4-548F610CAB78}.Release|Any CPU.ActiveCfg = Release|Any CPU
		{AA2354BB-EC64-4870-B0F4-548F610CAB78}.Release|Any CPU.Build.0 = Release|Any CPU
		{509341A4-1E92-4735-ADF6-EAA4A2415EC3}.Debug|Any CPU.ActiveCfg = Debug|Any CPU
		{509341A4-1E92-4735-ADF6-EAA4A2415EC3}.Debug|Any CPU.Build.0 = Debug|Any CPU
		{509341A4-1E92-4735-ADF6-EAA4A2415EC3}.Release|Any CPU.ActiveCfg = Release|Any CPU
		{509341A4-1E92-4735-ADF6-EAA4A2415EC3}.Release|Any CPU.Build.0 = Release|Any CPU
		{7367FFE3-3538-47FE-92DA-09E5D326A090}.Debug|Any CPU.ActiveCfg = Debug|Any CPU
		{7367FFE3-3538-47FE-92DA-09E5D326A090}.Debug|Any CPU.Build.0 = Debug|Any CPU
		{7367FFE3-3538-47FE-92DA-09E5D326A090}.Release|Any CPU.ActiveCfg = Release|Any CPU
		{7367FFE3-3538-47FE-92DA-09E5D326A090}.Release|Any CPU.Build.0 = Release|Any CPU
		{B102812F-FB97-4329-AA3F-27B264EBBF79}.Debug|Any CPU.ActiveCfg = Debug|Any CPU
		{B102812F-FB97-4329-AA3F-27B264EBBF79}.Debug|Any CPU.Build.0 = Debug|Any CPU
		{B102812F-FB97-4329-AA3F-27B264EBBF79}.Release|Any CPU.ActiveCfg = Release|Any CPU
		{B102812F-FB97-4329-AA3F-27B264EBBF79}.Release|Any CPU.Build.0 = Release|Any CPU
	EndGlobalSection
	GlobalSection(SolutionProperties) = preSolution
		HideSolutionNode = FALSE
	EndGlobalSection
	GlobalSection(ExtensibilityGlobals) = postSolution
		SolutionGuid = {3AF1EB63-A751-4BFA-98CD-5BADE6706595}
	EndGlobalSection
EndGlobal
